
Microsoft Visual Studio Solution File, Format Version 12.00
# Visual Studio Version 17
VisualStudioVersion = 17.7.34024.191
MinimumVisualStudioVersion = 10.0.40219.1
Project("{FAE04EC0-301F-11D3-BF4B-00C04F79EFBC}") = "csharp-typesystem-snacks", "csharp-typesystem-snacks\csharp-typesystem-snacks.csproj", "{CE6220D8-2E17-48D8-B102-1393D0F0AF9B}"
EndProject
Global
	GlobalSection(SolutionConfigurationPlatforms) = preSolution
		Debug|Any CPU = Debug|Any CPU
		Release|Any CPU = Release|Any CPU
	EndGlobalSection
	GlobalSection(ProjectConfigurationPlatforms) = postSolution
		{CE6220D8-2E17-48D8-B102-1393D0F0AF9B}.Debug|Any CPU.ActiveCfg = Debug|Any CPU
		{CE6220D8-2E17-48D8-B102-1393D0F0AF9B}.Debug|Any CPU.Build.0 = Debug|Any CPU
		{CE6220D8-2E17-48D8-B102-1393D0F0AF9B}.Release|Any CPU.ActiveCfg = Release|Any CPU
		{CE6220D8-2E17-48D8-B102-1393D0F0AF9B}.Release|Any CPU.Build.0 = Release|Any CPU
	EndGlobalSection
	GlobalSection(SolutionProperties) = preSolution
		HideSolutionNode = FALSE
	EndGlobalSection
	GlobalSection(ExtensibilityGlobals) = postSolution
		SolutionGuid = {B348D4D3-9D05-45FD-89A5-3BBA812B882D}
	EndGlobalSection
EndGlobal
